// !$*UTF8*$!
{
	archiveVersion = 1;
	classes = {
	};
	objectVersion = 46;
	objects = {

/* Begin PBXBuildFile section */
		532477E91F8CD1FB004FBBAF /* GZCycleScrollerController.swift in Sources */ = {isa = PBXBuildFile; fileRef = 532477E81F8CD1FB004FBBAF /* GZCycleScrollerController.swift */; };
		53783D101F14C06E0086667B /* AppDelegate.swift in Sources */ = {isa = PBXBuildFile; fileRef = 53783D0F1F14C06E0086667B /* AppDelegate.swift */; };
		53783D171F14C06E0086667B /* Assets.xcassets in Resources */ = {isa = PBXBuildFile; fileRef = 53783D161F14C06E0086667B /* Assets.xcassets */; };
		53783D701F14C3630086667B /* GZDiscoverViewController.swift in Sources */ = {isa = PBXBuildFile; fileRef = 53783D4E1F14C3630086667B /* GZDiscoverViewController.swift */; };
		53783D711F14C3630086667B /* GZHomeViewController.swift in Sources */ = {isa = PBXBuildFile; fileRef = 53783D501F14C3630086667B /* GZHomeViewController.swift */; };
		53783D721F14C3630086667B /* GZBaseViewController.swift in Sources */ = {isa = PBXBuildFile; fileRef = 53783D521F14C3630086667B /* GZBaseViewController.swift */; };
		53783D731F14C3630086667B /* GZMainViewController.swift in Sources */ = {isa = PBXBuildFile; fileRef = 53783D531F14C3630086667B /* GZMainViewController.swift */; };
		53783D741F14C3630086667B /* GZNavigationController.swift in Sources */ = {isa = PBXBuildFile; fileRef = 53783D541F14C3630086667B /* GZNavigationController.swift */; };
		53783D751F14C3630086667B /* GZMessageViewController.swift in Sources */ = {isa = PBXBuildFile; fileRef = 53783D561F14C3630086667B /* GZMessageViewController.swift */; };
		53783D761F14C3630086667B /* GZProfileViewController.swift in Sources */ = {isa = PBXBuildFile; fileRef = 53783D581F14C3630086667B /* GZProfileViewController.swift */; };
		53783DCF1F14C60A0086667B /* NSArray+Log.m in Sources */ = {isa = PBXBuildFile; fileRef = 53783DAA1F14C60A0086667B /* NSArray+Log.m */; };
		53783DD01F14C60A0086667B /* NSAttributedString+CZAdditon.m in Sources */ = {isa = PBXBuildFile; fileRef = 53783DAC1F14C60A0086667B /* NSAttributedString+CZAdditon.m */; };
		53783DD11F14C60A0086667B /* NSObject+CZRuntime.m in Sources */ = {isa = PBXBuildFile; fileRef = 53783DAE1F14C60A0086667B /* NSObject+CZRuntime.m */; };
		53783DD21F14C60A0086667B /* NSString+CZBase64.m in Sources */ = {isa = PBXBuildFile; fileRef = 53783DB01F14C60A0086667B /* NSString+CZBase64.m */; };
		53783DD31F14C60A0086667B /* NSString+CZHash.m in Sources */ = {isa = PBXBuildFile; fileRef = 53783DB21F14C60A0086667B /* NSString+CZHash.m */; };
		53783DD41F14C60A0086667B /* NSString+CZPath.m in Sources */ = {isa = PBXBuildFile; fileRef = 53783DB41F14C60A0086667B /* NSString+CZPath.m */; };
		53783DD51F14C60A0086667B /* UIButton+CZAddition.m in Sources */ = {isa = PBXBuildFile; fileRef = 53783DB61F14C60A0086667B /* UIButton+CZAddition.m */; };
		53783DD61F14C60A0086667B /* UIColor+CZAddition.m in Sources */ = {isa = PBXBuildFile; fileRef = 53783DB81F14C60A0086667B /* UIColor+CZAddition.m */; };
		53783DD71F14C60A0086667B /* UILabel+CZAddition.m in Sources */ = {isa = PBXBuildFile; fileRef = 53783DBA1F14C60A0086667B /* UILabel+CZAddition.m */; };
		53783DD81F14C60A0086667B /* UIScreen+CZAddition.m in Sources */ = {isa = PBXBuildFile; fileRef = 53783DBC1F14C60A0086667B /* UIScreen+CZAddition.m */; };
		53783DD91F14C60A0086667B /* UIView+CZAddition.m in Sources */ = {isa = PBXBuildFile; fileRef = 53783DBE1F14C60A0086667B /* UIView+CZAddition.m */; };
		53783DDA1F14C60A0086667B /* UIViewController+CZAddition.m in Sources */ = {isa = PBXBuildFile; fileRef = 53783DC01F14C60A0086667B /* UIViewController+CZAddition.m */; };
		53783DDD1F14C60A0086667B /* Bundle+extension.swift in Sources */ = {isa = PBXBuildFile; fileRef = 53783DC51F14C60A0086667B /* Bundle+extension.swift */; };
		53783DE81F14D16B0086667B /* GZDemoViewController.swift in Sources */ = {isa = PBXBuildFile; fileRef = 53783DE71F14D16B0086667B /* GZDemoViewController.swift */; };
		8FB45B205BDF77997D2CCB34 /* Pods_WeiBo.framework in Frameworks */ = {isa = PBXBuildFile; fileRef = 94B24B3CFE7F9F3F05471BC6 /* Pods_WeiBo.framework */; };
/* End PBXBuildFile section */

/* Begin PBXFileReference section */
		532477E81F8CD1FB004FBBAF /* GZCycleScrollerController.swift */ = {isa = PBXFileReference; fileEncoding = 4; lastKnownFileType = sourcecode.swift; path = GZCycleScrollerController.swift; sourceTree = "<group>"; };
		53783D0C1F14C06E0086667B /* WeiBo.app */ = {isa = PBXFileReference; explicitFileType = wrapper.application; includeInIndex = 0; path = WeiBo.app; sourceTree = BUILT_PRODUCTS_DIR; };
		53783D0F1F14C06E0086667B /* AppDelegate.swift */ = {isa = PBXFileReference; lastKnownFileType = sourcecode.swift; path = AppDelegate.swift; sourceTree = "<group>"; };
		53783D161F14C06E0086667B /* Assets.xcassets */ = {isa = PBXFileReference; lastKnownFileType = folder.assetcatalog; path = Assets.xcassets; sourceTree = "<group>"; };
		53783D1B1F14C06E0086667B /* Info.plist */ = {isa = PBXFileReference; lastKnownFileType = text.plist.xml; path = Info.plist; sourceTree = "<group>"; };
		53783D4E1F14C3630086667B /* GZDiscoverViewController.swift */ = {isa = PBXFileReference; fileEncoding = 4; lastKnownFileType = sourcecode.swift; path = GZDiscoverViewController.swift; sourceTree = "<group>"; };
		53783D501F14C3630086667B /* GZHomeViewController.swift */ = {isa = PBXFileReference; fileEncoding = 4; lastKnownFileType = sourcecode.swift; path = GZHomeViewController.swift; sourceTree = "<group>"; };
		53783D521F14C3630086667B /* GZBaseViewController.swift */ = {isa = PBXFileReference; fileEncoding = 4; lastKnownFileType = sourcecode.swift; path = GZBaseViewController.swift; sourceTree = "<group>"; };
		53783D531F14C3630086667B /* GZMainViewController.swift */ = {isa = PBXFileReference; fileEncoding = 4; lastKnownFileType = sourcecode.swift; path = GZMainViewController.swift; sourceTree = "<group>"; };
		53783D541F14C3630086667B /* GZNavigationController.swift */ = {isa = PBXFileReference; fileEncoding = 4; lastKnownFileType = sourcecode.swift; path = GZNavigationController.swift; sourceTree = "<group>"; };
		53783D561F14C3630086667B /* GZMessageViewController.swift */ = {isa = PBXFileReference; fileEncoding = 4; lastKnownFileType = sourcecode.swift; path = GZMessageViewController.swift; sourceTree = "<group>"; };
		53783D581F14C3630086667B /* GZProfileViewController.swift */ = {isa = PBXFileReference; fileEncoding = 4; lastKnownFileType = sourcecode.swift; path = GZProfileViewController.swift; sourceTree = "<group>"; };
		53783DA81F14C60A0086667B /* CZAdditions.h */ = {isa = PBXFileReference; fileEncoding = 4; lastKnownFileType = sourcecode.c.h; path = CZAdditions.h; sourceTree = "<group>"; };
		53783DA91F14C60A0086667B /* NSArray+Log.h */ = {isa = PBXFileReference; fileEncoding = 4; lastKnownFileType = sourcecode.c.h; path = "NSArray+Log.h"; sourceTree = "<group>"; };
		53783DAA1F14C60A0086667B /* NSArray+Log.m */ = {isa = PBXFileReference; fileEncoding = 4; lastKnownFileType = sourcecode.c.objc; path = "NSArray+Log.m"; sourceTree = "<group>"; };
		53783DAB1F14C60A0086667B /* NSAttributedString+CZAdditon.h */ = {isa = PBXFileReference; fileEncoding = 4; lastKnownFileType = sourcecode.c.h; path = "NSAttributedString+CZAdditon.h"; sourceTree = "<group>"; };
		53783DAC1F14C60A0086667B /* NSAttributedString+CZAdditon.m */ = {isa = PBXFileReference; fileEncoding = 4; lastKnownFileType = sourcecode.c.objc; path = "NSAttributedString+CZAdditon.m"; sourceTree = "<group>"; };
		53783DAD1F14C60A0086667B /* NSObject+CZRuntime.h */ = {isa = PBXFileReference; fileEncoding = 4; lastKnownFileType = sourcecode.c.h; path = "NSObject+CZRuntime.h"; sourceTree = "<group>"; };
		53783DAE1F14C60A0086667B /* NSObject+CZRuntime.m */ = {isa = PBXFileReference; fileEncoding = 4; lastKnownFileType = sourcecode.c.objc; path = "NSObject+CZRuntime.m"; sourceTree = "<group>"; };
		53783DAF1F14C60A0086667B /* NSString+CZBase64.h */ = {isa = PBXFileReference; fileEncoding = 4; lastKnownFileType = sourcecode.c.h; path = "NSString+CZBase64.h"; sourceTree = "<group>"; };
		53783DB01F14C60A0086667B /* NSString+CZBase64.m */ = {isa = PBXFileReference; fileEncoding = 4; lastKnownFileType = sourcecode.c.objc; path = "NSString+CZBase64.m"; sourceTree = "<group>"; };
		53783DB11F14C60A0086667B /* NSString+CZHash.h */ = {isa = PBXFileReference; fileEncoding = 4; lastKnownFileType = sourcecode.c.h; path = "NSString+CZHash.h"; sourceTree = "<group>"; };
		53783DB21F14C60A0086667B /* NSString+CZHash.m */ = {isa = PBXFileReference; fileEncoding = 4; lastKnownFileType = sourcecode.c.objc; path = "NSString+CZHash.m"; sourceTree = "<group>"; };
		53783DB31F14C60A0086667B /* NSString+CZPath.h */ = {isa = PBXFileReference; fileEncoding = 4; lastKnownFileType = sourcecode.c.h; path = "NSString+CZPath.h"; sourceTree = "<group>"; };
		53783DB41F14C60A0086667B /* NSString+CZPath.m */ = {isa = PBXFileReference; fileEncoding = 4; lastKnownFileType = sourcecode.c.objc; path = "NSString+CZPath.m"; sourceTree = "<group>"; };
		53783DB51F14C60A0086667B /* UIButton+CZAddition.h */ = {isa = PBXFileReference; fileEncoding = 4; lastKnownFileType = sourcecode.c.h; path = "UIButton+CZAddition.h"; sourceTree = "<group>"; };
		53783DB61F14C60A0086667B /* UIButton+CZAddition.m */ = {isa = PBXFileReference; fileEncoding = 4; lastKnownFileType = sourcecode.c.objc; path = "UIButton+CZAddition.m"; sourceTree = "<group>"; };
		53783DB71F14C60A0086667B /* UIColor+CZAddition.h */ = {isa = PBXFileReference; fileEncoding = 4; lastKnownFileType = sourcecode.c.h; path = "UIColor+CZAddition.h"; sourceTree = "<group>"; };
		53783DB81F14C60A0086667B /* UIColor+CZAddition.m */ = {isa = PBXFileReference; fileEncoding = 4; lastKnownFileType = sourcecode.c.objc; path = "UIColor+CZAddition.m"; sourceTree = "<group>"; };
		53783DB91F14C60A0086667B /* UILabel+CZAddition.h */ = {isa = PBXFileReference; fileEncoding = 4; lastKnownFileType = sourcecode.c.h; path = "UILabel+CZAddition.h"; sourceTree = "<group>"; };
		53783DBA1F14C60A0086667B /* UILabel+CZAddition.m */ = {isa = PBXFileReference; fileEncoding = 4; lastKnownFileType = sourcecode.c.objc; path = "UILabel+CZAddition.m"; sourceTree = "<group>"; };
		53783DBB1F14C60A0086667B /* UIScreen+CZAddition.h */ = {isa = PBXFileReference; fileEncoding = 4; lastKnownFileType = sourcecode.c.h; path = "UIScreen+CZAddition.h"; sourceTree = "<group>"; };
		53783DBC1F14C60A0086667B /* UIScreen+CZAddition.m */ = {isa = PBXFileReference; fileEncoding = 4; lastKnownFileType = sourcecode.c.objc; path = "UIScreen+CZAddition.m"; sourceTree = "<group>"; };
		53783DBD1F14C60A0086667B /* UIView+CZAddition.h */ = {isa = PBXFileReference; fileEncoding = 4; lastKnownFileType = sourcecode.c.h; path = "UIView+CZAddition.h"; sourceTree = "<group>"; };
		53783DBE1F14C60A0086667B /* UIView+CZAddition.m */ = {isa = PBXFileReference; fileEncoding = 4; lastKnownFileType = sourcecode.c.objc; path = "UIView+CZAddition.m"; sourceTree = "<group>"; };
		53783DBF1F14C60A0086667B /* UIViewController+CZAddition.h */ = {isa = PBXFileReference; fileEncoding = 4; lastKnownFileType = sourcecode.c.h; path = "UIViewController+CZAddition.h"; sourceTree = "<group>"; };
		53783DC01F14C60A0086667B /* UIViewController+CZAddition.m */ = {isa = PBXFileReference; fileEncoding = 4; lastKnownFileType = sourcecode.c.objc; path = "UIViewController+CZAddition.m"; sourceTree = "<group>"; };
		53783DC51F14C60A0086667B /* Bundle+extension.swift */ = {isa = PBXFileReference; fileEncoding = 4; lastKnownFileType = sourcecode.swift; path = "Bundle+extension.swift"; sourceTree = "<group>"; };
		53783DE51F14C6CC0086667B /* WeiBo-Bridege.h */ = {isa = PBXFileReference; lastKnownFileType = sourcecode.c.h; path = "WeiBo-Bridege.h"; sourceTree = "<group>"; };
		53783DE71F14D16B0086667B /* GZDemoViewController.swift */ = {isa = PBXFileReference; fileEncoding = 4; lastKnownFileType = sourcecode.swift; path = GZDemoViewController.swift; sourceTree = "<group>"; };
		92D8A9A48200C1942D3FD390 /* Pods-WeiBo.release.xcconfig */ = {isa = PBXFileReference; includeInIndex = 1; lastKnownFileType = text.xcconfig; name = "Pods-WeiBo.release.xcconfig"; path = "Pods/Target Support Files/Pods-WeiBo/Pods-WeiBo.release.xcconfig"; sourceTree = "<group>"; };
		94B24B3CFE7F9F3F05471BC6 /* Pods_WeiBo.framework */ = {isa = PBXFileReference; explicitFileType = wrapper.framework; includeInIndex = 0; path = Pods_WeiBo.framework; sourceTree = BUILT_PRODUCTS_DIR; };
		98BB3388138B8FF849F234F6 /* Pods-WeiBo.debug.xcconfig */ = {isa = PBXFileReference; includeInIndex = 1; lastKnownFileType = text.xcconfig; name = "Pods-WeiBo.debug.xcconfig"; path = "Pods/Target Support Files/Pods-WeiBo/Pods-WeiBo.debug.xcconfig"; sourceTree = "<group>"; };
/* End PBXFileReference section */

/* Begin PBXFrameworksBuildPhase section */
		53783D091F14C06E0086667B /* Frameworks */ = {
			isa = PBXFrameworksBuildPhase;
			buildActionMask = 2147483647;
			files = (
				8FB45B205BDF77997D2CCB34 /* Pods_WeiBo.framework in Frameworks */,
			);
			runOnlyForDeploymentPostprocessing = 0;
		};
/* End PBXFrameworksBuildPhase section */

/* Begin PBXGroup section */
		532477E71F8CD1CC004FBBAF /* CycleScroll */ = {
			isa = PBXGroup;
			children = (
				532477E81F8CD1FB004FBBAF /* GZCycleScrollerController.swift */,
			);
			path = CycleScroll;
			sourceTree = "<group>";
		};
		53783D031F14C06E0086667B = {
			isa = PBXGroup;
			children = (
				53783D0E1F14C06E0086667B /* WeiBo */,
				53783D0D1F14C06E0086667B /* Products */,
				B09DBBE3F5EAE3864D7A3B02 /* Pods */,
				CC92641AF9EFE6736947F9C2 /* Frameworks */,
			);
			sourceTree = "<group>";
		};
		53783D0D1F14C06E0086667B /* Products */ = {
			isa = PBXGroup;
			children = (
				53783D0C1F14C06E0086667B /* WeiBo.app */,
			);
			name = Products;
			sourceTree = "<group>";
		};
		53783D0E1F14C06E0086667B /* WeiBo */ = {
			isa = PBXGroup;
			children = (
				53783D211F14C3630086667B /* Class */,
				53783D0F1F14C06E0086667B /* AppDelegate.swift */,
				53783DE51F14C6CC0086667B /* WeiBo-Bridege.h */,
				53783D161F14C06E0086667B /* Assets.xcassets */,
				53783D1B1F14C06E0086667B /* Info.plist */,
			);
			path = WeiBo;
			sourceTree = "<group>";
		};
		53783D211F14C3630086667B /* Class */ = {
			isa = PBXGroup;
			children = (
				53783D4C1F14C3630086667B /* View(视图和控制器) */,
				53783D591F14C3630086667B /* ViewModel(视图模型) */,
				53783D221F14C3630086667B /* Model(模型) */,
				53783D231F14C3630086667B /* Tools(工具) */,
			);
			path = Class;
			sourceTree = "<group>";
		};
		53783D221F14C3630086667B /* Model(模型) */ = {
			isa = PBXGroup;
			children = (
			);
			path = "Model(模型)";
			sourceTree = "<group>";
		};
		53783D231F14C3630086667B /* Tools(工具) */ = {
			isa = PBXGroup;
			children = (
				53783DA71F14C60A0086667B /* Additions */,
				53783DC41F14C60A0086667B /* extension */,
			);
			path = "Tools(工具)";
			sourceTree = "<group>";
		};
		53783D4C1F14C3630086667B /* View(视图和控制器) */ = {
			isa = PBXGroup;
			children = (
				53783D511F14C3630086667B /* Main */,
				53783D4F1F14C3630086667B /* Home */,
				53783D551F14C3630086667B /* Message */,
				53783D4D1F14C3630086667B /* Discover */,
				53783D571F14C3630086667B /* Profile */,
			);
			path = "View(视图和控制器)";
			sourceTree = "<group>";
		};
		53783D4D1F14C3630086667B /* Discover */ = {
			isa = PBXGroup;
			children = (
				53783D4E1F14C3630086667B /* GZDiscoverViewController.swift */,
			);
			path = Discover;
			sourceTree = "<group>";
		};
		53783D4F1F14C3630086667B /* Home */ = {
			isa = PBXGroup;
			children = (
				53783D501F14C3630086667B /* GZHomeViewController.swift */,
				532477E71F8CD1CC004FBBAF /* CycleScroll */,
			);
			path = Home;
			sourceTree = "<group>";
		};
		53783D511F14C3630086667B /* Main */ = {
			isa = PBXGroup;
			children = (
				53783DE61F14D1330086667B /* 测试 */,
				53783D531F14C3630086667B /* GZMainViewController.swift */,
				53783D541F14C3630086667B /* GZNavigationController.swift */,
				53783D521F14C3630086667B /* GZBaseViewController.swift */,
			);
			path = Main;
			sourceTree = "<group>";
		};
		53783D551F14C3630086667B /* Message */ = {
			isa = PBXGroup;
			children = (
				53783D561F14C3630086667B /* GZMessageViewController.swift */,
			);
			path = Message;
			sourceTree = "<group>";
		};
		53783D571F14C3630086667B /* Profile */ = {
			isa = PBXGroup;
			children = (
				53783D581F14C3630086667B /* GZProfileViewController.swift */,
			);
			path = Profile;
			sourceTree = "<group>";
		};
		53783D591F14C3630086667B /* ViewModel(视图模型) */ = {
			isa = PBXGroup;
			children = (
			);
			path = "ViewModel(视图模型)";
			sourceTree = "<group>";
		};
		53783DA71F14C60A0086667B /* Additions */ = {
			isa = PBXGroup;
			children = (
				53783DA81F14C60A0086667B /* CZAdditions.h */,
				53783DA91F14C60A0086667B /* NSArray+Log.h */,
				53783DAA1F14C60A0086667B /* NSArray+Log.m */,
				53783DAB1F14C60A0086667B /* NSAttributedString+CZAdditon.h */,
				53783DAC1F14C60A0086667B /* NSAttributedString+CZAdditon.m */,
				53783DAD1F14C60A0086667B /* NSObject+CZRuntime.h */,
				53783DAE1F14C60A0086667B /* NSObject+CZRuntime.m */,
				53783DAF1F14C60A0086667B /* NSString+CZBase64.h */,
				53783DB01F14C60A0086667B /* NSString+CZBase64.m */,
				53783DB11F14C60A0086667B /* NSString+CZHash.h */,
				53783DB21F14C60A0086667B /* NSString+CZHash.m */,
				53783DB31F14C60A0086667B /* NSString+CZPath.h */,
				53783DB41F14C60A0086667B /* NSString+CZPath.m */,
				53783DB51F14C60A0086667B /* UIButton+CZAddition.h */,
				53783DB61F14C60A0086667B /* UIButton+CZAddition.m */,
				53783DB71F14C60A0086667B /* UIColor+CZAddition.h */,
				53783DB81F14C60A0086667B /* UIColor+CZAddition.m */,
				53783DB91F14C60A0086667B /* UILabel+CZAddition.h */,
				53783DBA1F14C60A0086667B /* UILabel+CZAddition.m */,
				53783DBB1F14C60A0086667B /* UIScreen+CZAddition.h */,
				53783DBC1F14C60A0086667B /* UIScreen+CZAddition.m */,
				53783DBD1F14C60A0086667B /* UIView+CZAddition.h */,
				53783DBE1F14C60A0086667B /* UIView+CZAddition.m */,
				53783DBF1F14C60A0086667B /* UIViewController+CZAddition.h */,
				53783DC01F14C60A0086667B /* UIViewController+CZAddition.m */,
			);
			path = Additions;
			sourceTree = "<group>";
		};
		53783DC41F14C60A0086667B /* extension */ = {
			isa = PBXGroup;
			children = (
				53783DC51F14C60A0086667B /* Bundle+extension.swift */,
			);
			path = extension;
			sourceTree = "<group>";
		};
		53783DE61F14D1330086667B /* 测试 */ = {
			isa = PBXGroup;
			children = (
				53783DE71F14D16B0086667B /* GZDemoViewController.swift */,
			);
			path = "测试";
			sourceTree = "<group>";
		};
		B09DBBE3F5EAE3864D7A3B02 /* Pods */ = {
			isa = PBXGroup;
			children = (
				98BB3388138B8FF849F234F6 /* Pods-WeiBo.debug.xcconfig */,
				92D8A9A48200C1942D3FD390 /* Pods-WeiBo.release.xcconfig */,
			);
			name = Pods;
			sourceTree = "<group>";
		};
		CC92641AF9EFE6736947F9C2 /* Frameworks */ = {
			isa = PBXGroup;
			children = (
				94B24B3CFE7F9F3F05471BC6 /* Pods_WeiBo.framework */,
			);
			name = Frameworks;
			sourceTree = "<group>";
		};
/* End PBXGroup section */

/* Begin PBXNativeTarget section */
		53783D0B1F14C06E0086667B /* WeiBo */ = {
			isa = PBXNativeTarget;
			buildConfigurationList = 53783D1E1F14C06E0086667B /* Build configuration list for PBXNativeTarget "WeiBo" */;
			buildPhases = (
				F7AA1CD029DF166D3F0E1667 /* [CP] Check Pods Manifest.lock */,
				53783D081F14C06E0086667B /* Sources */,
				53783D091F14C06E0086667B /* Frameworks */,
				53783D0A1F14C06E0086667B /* Resources */,
				BAA7E7F83DE6C1022CAA4856 /* [CP] Embed Pods Frameworks */,
				F63479D16CB2084CAAC5B14B /* [CP] Copy Pods Resources */,
			);
			buildRules = (
			);
			dependencies = (
			);
			name = WeiBo;
			productName = WeiBo;
			productReference = 53783D0C1F14C06E0086667B /* WeiBo.app */;
			productType = "com.apple.product-type.application";
		};
/* End PBXNativeTarget section */

/* Begin PBXProject section */
		53783D041F14C06E0086667B /* Project object */ = {
			isa = PBXProject;
			attributes = {
				CLASSPREFIX = GZ;
				LastSwiftUpdateCheck = 0830;
				LastUpgradeCheck = 0830;
				ORGANIZATIONNAME = guGuangZhou;
				TargetAttributes = {
					53783D0B1F14C06E0086667B = {
						CreatedOnToolsVersion = 8.3.3;
						DevelopmentTeam = CC97P779EW;
						ProvisioningStyle = Automatic;
					};
				};
			};
			buildConfigurationList = 53783D071F14C06E0086667B /* Build configuration list for PBXProject "WeiBo" */;
			compatibilityVersion = "Xcode 3.2";
			developmentRegion = English;
			hasScannedForEncodings = 0;
			knownRegions = (
				en,
				Base,
			);
			mainGroup = 53783D031F14C06E0086667B;
			productRefGroup = 53783D0D1F14C06E0086667B /* Products */;
			projectDirPath = "";
			projectRoot = "";
			targets = (
				53783D0B1F14C06E0086667B /* WeiBo */,
			);
		};
/* End PBXProject section */

/* Begin PBXResourcesBuildPhase section */
		53783D0A1F14C06E0086667B /* Resources */ = {
			isa = PBXResourcesBuildPhase;
			buildActionMask = 2147483647;
			files = (
				53783D171F14C06E0086667B /* Assets.xcassets in Resources */,
			);
			runOnlyForDeploymentPostprocessing = 0;
		};
/* End PBXResourcesBuildPhase section */

/* Begin PBXShellScriptBuildPhase section */
		BAA7E7F83DE6C1022CAA4856 /* [CP] Embed Pods Frameworks */ = {
			isa = PBXShellScriptBuildPhase;
			buildActionMask = 2147483647;
			files = (
			);
			inputPaths = (
			);
			name = "[CP] Embed Pods Frameworks";
			outputPaths = (
			);
			runOnlyForDeploymentPostprocessing = 0;
			shellPath = /bin/sh;
			shellScript = "\"${SRCROOT}/Pods/Target Support Files/Pods-WeiBo/Pods-WeiBo-frameworks.sh\"\n";
			showEnvVarsInLog = 0;
		};
		F63479D16CB2084CAAC5B14B /* [CP] Copy Pods Resources */ = {
			isa = PBXShellScriptBuildPhase;
			buildActionMask = 2147483647;
			files = (
			);
			inputPaths = (
			);
			name = "[CP] Copy Pods Resources";
			outputPaths = (
			);
			runOnlyForDeploymentPostprocessing = 0;
			shellPath = /bin/sh;
			shellScript = "\"${SRCROOT}/Pods/Target Support Files/Pods-WeiBo/Pods-WeiBo-resources.sh\"\n";
			showEnvVarsInLog = 0;
		};
		F7AA1CD029DF166D3F0E1667 /* [CP] Check Pods Manifest.lock */ = {
			isa = PBXShellScriptBuildPhase;
			buildActionMask = 2147483647;
			files = (
			);
			inputPaths = (
			);
			name = "[CP] Check Pods Manifest.lock";
			outputPaths = (
			);
			runOnlyForDeploymentPostprocessing = 0;
			shellPath = /bin/sh;
			shellScript = "diff \"${PODS_PODFILE_DIR_PATH}/Podfile.lock\" \"${PODS_ROOT}/Manifest.lock\" > /dev/null\nif [ $? != 0 ] ; then\n    # print error to STDERR\n    echo \"error: The sandbox is not in sync with the Podfile.lock. Run 'pod install' or update your CocoaPods installation.\" >&2\n    exit 1\nfi\n";
			showEnvVarsInLog = 0;
		};
/* End PBXShellScriptBuildPhase section */

/* Begin PBXSourcesBuildPhase section */
		53783D081F14C06E0086667B /* Sources */ = {
			isa = PBXSourcesBuildPhase;
			buildActionMask = 2147483647;
			files = (
				53783DD61F14C60A0086667B /* UIColor+CZAddition.m in Sources */,
				53783DCF1F14C60A0086667B /* NSArray+Log.m in Sources */,
				53783D101F14C06E0086667B /* AppDelegate.swift in Sources */,
				53783DD71F14C60A0086667B /* UILabel+CZAddition.m in Sources */,
				53783DD01F14C60A0086667B /* NSAttributedString+CZAdditon.m in Sources */,
				53783DDA1F14C60A0086667B /* UIViewController+CZAddition.m in Sources */,
				53783DD21F14C60A0086667B /* NSString+CZBase64.m in Sources */,
				53783D711F14C3630086667B /* GZHomeViewController.swift in Sources */,
				53783D731F14C3630086667B /* GZMainViewController.swift in Sources */,
				53783D741F14C3630086667B /* GZNavigationController.swift in Sources */,
				53783DE81F14D16B0086667B /* GZDemoViewController.swift in Sources */,
				53783DD51F14C60A0086667B /* UIButton+CZAddition.m in Sources */,
				53783DD81F14C60A0086667B /* UIScreen+CZAddition.m in Sources */,
				53783DDD1F14C60A0086667B /* Bundle+extension.swift in Sources */,
				53783D701F14C3630086667B /* GZDiscoverViewController.swift in Sources */,
				53783DD11F14C60A0086667B /* NSObject+CZRuntime.m in Sources */,
				53783D721F14C3630086667B /* GZBaseViewController.swift in Sources */,
				532477E91F8CD1FB004FBBAF /* GZCycleScrollerController.swift in Sources */,
				53783D751F14C3630086667B /* GZMessageViewController.swift in Sources */,
				53783DD41F14C60A0086667B /* NSString+CZPath.m in Sources */,
				53783DD91F14C60A0086667B /* UIView+CZAddition.m in Sources */,
				53783DD31F14C60A0086667B /* NSString+CZHash.m in Sources */,
				53783D761F14C3630086667B /* GZProfileViewController.swift in Sources */,
			);
			runOnlyForDeploymentPostprocessing = 0;
		};
/* End PBXSourcesBuildPhase section */

/* Begin XCBuildConfiguration section */
		53783D1C1F14C06E0086667B /* Debug */ = {
			isa = XCBuildConfiguration;
			buildSettings = {
				ALWAYS_SEARCH_USER_PATHS = NO;
				CLANG_ANALYZER_NONNULL = YES;
				CLANG_ANALYZER_NUMBER_OBJECT_CONVERSION = YES_AGGRESSIVE;
				CLANG_CXX_LANGUAGE_STANDARD = "gnu++0x";
				CLANG_CXX_LIBRARY = "libc++";
				CLANG_ENABLE_MODULES = YES;
				CLANG_ENABLE_OBJC_ARC = YES;
				CLANG_WARN_BOOL_CONVERSION = YES;
				CLANG_WARN_CONSTANT_CONVERSION = YES;
				CLANG_WARN_DIRECT_OBJC_ISA_USAGE = YES_ERROR;
				CLANG_WARN_DOCUMENTATION_COMMENTS = YES;
				CLANG_WARN_EMPTY_BODY = YES;
				CLANG_WARN_ENUM_CONVERSION = YES;
				CLANG_WARN_INFINITE_RECURSION = YES;
				CLANG_WARN_INT_CONVERSION = YES;
				CLANG_WARN_OBJC_ROOT_CLASS = YES_ERROR;
				CLANG_WARN_SUSPICIOUS_MOVE = YES;
				CLANG_WARN_UNREACHABLE_CODE = YES;
				CLANG_WARN__DUPLICATE_METHOD_MATCH = YES;
				"CODE_SIGN_IDENTITY[sdk=iphoneos*]" = "iPhone Developer";
				COPY_PHASE_STRIP = NO;
				DEBUG_INFORMATION_FORMAT = dwarf;
				ENABLE_STRICT_OBJC_MSGSEND = YES;
				ENABLE_TESTABILITY = YES;
				GCC_C_LANGUAGE_STANDARD = gnu99;
				GCC_DYNAMIC_NO_PIC = NO;
				GCC_NO_COMMON_BLOCKS = YES;
				GCC_OPTIMIZATION_LEVEL = 0;
				GCC_PREPROCESSOR_DEFINITIONS = (
					"DEBUG=1",
					"$(inherited)",
				);
				GCC_WARN_64_TO_32_BIT_CONVERSION = YES;
				GCC_WARN_ABOUT_RETURN_TYPE = YES_ERROR;
				GCC_WARN_UNDECLARED_SELECTOR = YES;
				GCC_WARN_UNINITIALIZED_AUTOS = YES_AGGRESSIVE;
				GCC_WARN_UNUSED_FUNCTION = YES;
				GCC_WARN_UNUSED_VARIABLE = YES;
				IPHONEOS_DEPLOYMENT_TARGET = 10.3;
				MTL_ENABLE_DEBUG_INFO = YES;
				ONLY_ACTIVE_ARCH = YES;
				SDKROOT = iphoneos;
				SWIFT_ACTIVE_COMPILATION_CONDITIONS = DEBUG;
				SWIFT_OPTIMIZATION_LEVEL = "-Onone";
			};
			name = Debug;
		};
		53783D1D1F14C06E0086667B /* Release */ = {
			isa = XCBuildConfiguration;
			buildSettings = {
				ALWAYS_SEARCH_USER_PATHS = NO;
				CLANG_ANALYZER_NONNULL = YES;
				CLANG_ANALYZER_NUMBER_OBJECT_CONVERSION = YES_AGGRESSIVE;
				CLANG_CXX_LANGUAGE_STANDARD = "gnu++0x";
				CLANG_CXX_LIBRARY = "libc++";
				CLANG_ENABLE_MODULES = YES;
				CLANG_ENABLE_OBJC_ARC = YES;
				CLANG_WARN_BOOL_CONVERSION = YES;
				CLANG_WARN_CONSTANT_CONVERSION = YES;
				CLANG_WARN_DIRECT_OBJC_ISA_USAGE = YES_ERROR;
				CLANG_WARN_DOCUMENTATION_COMMENTS = YES;
				CLANG_WARN_EMPTY_BODY = YES;
				CLANG_WARN_ENUM_CONVERSION = YES;
				CLANG_WARN_INFINITE_RECURSION = YES;
				CLANG_WARN_INT_CONVERSION = YES;
				CLANG_WARN_OBJC_ROOT_CLASS = YES_ERROR;
				CLANG_WARN_SUSPICIOUS_MOVE = YES;
				CLANG_WARN_UNREACHABLE_CODE = YES;
				CLANG_WARN__DUPLICATE_METHOD_MATCH = YES;
				"CODE_SIGN_IDENTITY[sdk=iphoneos*]" = "iPhone Developer";
				COPY_PHASE_STRIP = NO;
				DEBUG_INFORMATION_FORMAT = "dwarf-with-dsym";
				ENABLE_NS_ASSERTIONS = NO;
				ENABLE_STRICT_OBJC_MSGSEND = YES;
				GCC_C_LANGUAGE_STANDARD = gnu99;
				GCC_NO_COMMON_BLOCKS = YES;
				GCC_WARN_64_TO_32_BIT_CONVERSION = YES;
				GCC_WARN_ABOUT_RETURN_TYPE = YES_ERROR;
				GCC_WARN_UNDECLARED_SELECTOR = YES;
				GCC_WARN_UNINITIALIZED_AUTOS = YES_AGGRESSIVE;
				GCC_WARN_UNUSED_FUNCTION = YES;
				GCC_WARN_UNUSED_VARIABLE = YES;
				IPHONEOS_DEPLOYMENT_TARGET = 10.3;
				MTL_ENABLE_DEBUG_INFO = NO;
				SDKROOT = iphoneos;
				SWIFT_OPTIMIZATION_LEVEL = "-Owholemodule";
				VALIDATE_PRODUCT = YES;
			};
			name = Release;
		};
		53783D1F1F14C06E0086667B /* Debug */ = {
			isa = XCBuildConfiguration;
			baseConfigurationReference = 98BB3388138B8FF849F234F6 /* Pods-WeiBo.debug.xcconfig */;
			buildSettings = {
				ASSETCATALOG_COMPILER_APPICON_NAME = AppIcon;
				ASSETCATALOG_COMPILER_LAUNCHIMAGE_NAME = LaunchImage;
				DEVELOPMENT_TEAM = CC97P779EW;
				INFOPLIST_FILE = WeiBo/Info.plist;
				IPHONEOS_DEPLOYMENT_TARGET = 8.0;
				LD_RUNPATH_SEARCH_PATHS = "$(inherited) @executable_path/Frameworks";
				PRODUCT_BUNDLE_IDENTIFIER = ruanMeng.WeiBo;
				PRODUCT_NAME = "$(TARGET_NAME)";
				SWIFT_OBJC_BRIDGING_HEADER = "WeiBo/WeiBo-Bridege.h";
				SWIFT_VERSION = 3.0;
			};
			name = Debug;
		};
		53783D201F14C06E0086667B /* Release */ = {
			isa = XCBuildConfiguration;
			baseConfigurationReference = 92D8A9A48200C1942D3FD390 /* Pods-WeiBo.release.xcconfig */;
			buildSettings = {
				ASSETCATALOG_COMPILER_APPICON_NAME = AppIcon;
				ASSETCATALOG_COMPILER_LAUNCHIMAGE_NAME = LaunchImage;
				DEVELOPMENT_TEAM = CC97P779EW;
				INFOPLIST_FILE = WeiBo/Info.plist;
				IPHONEOS_DEPLOYMENT_TARGET = 8.0;
				LD_RUNPATH_SEARCH_PATHS = "$(inherited) @executable_path/Frameworks";
				PRODUCT_BUNDLE_IDENTIFIER = ruanMeng.WeiBo;
				PRODUCT_NAME = "$(TARGET_NAME)";
				SWIFT_OBJC_BRIDGING_HEADER = "WeiBo/WeiBo-Bridege.h";
				SWIFT_VERSION = 3.0;
			};
			name = Release;
		};
/* End XCBuildConfiguration section */

/* Begin XCConfigurationList section */
		53783D071F14C06E0086667B /* Build configuration list for PBXProject "WeiBo" */ = {
			isa = XCConfigurationList;
			buildConfigurations = (
				53783D1C1F14C06E0086667B /* Debug */,
				53783D1D1F14C06E0086667B /* Release */,
			);
			defaultConfigurationIsVisible = 0;
			defaultConfigurationName = Release;
		};
		53783D1E1F14C06E0086667B /* Build configuration list for PBXNativeTarget "WeiBo" */ = {
			isa = XCConfigurationList;
			buildConfigurations = (
				53783D1F1F14C06E0086667B /* Debug */,
				53783D201F14C06E0086667B /* Release */,
			);
			defaultConfigurationIsVisible = 0;
			defaultConfigurationName = Release;
		};
/* End XCConfigurationList section */
	};
	rootObject = 53783D041F14C06E0086667B /* Project object */;
}
